
Microsoft Visual Studio Solution File, Format Version 12.00
# Visual Studio Version 17
VisualStudioVersion = 17.8.34511.84
MinimumVisualStudioVersion = 10.0.40219.1
Project("{FAE04EC0-301F-11D3-BF4B-00C04F79EFBC}") = "Password", "Password\Password.csproj", "{94E5AE4A-BC61-4C78-B881-A232B353E4DA}"
EndProject
Project("{FAE04EC0-301F-11D3-BF4B-00C04F79EFBC}") = "Password.Tests", "Password.Tests\Password.Tests.csproj", "{D7EF9B88-4103-4644-B3E9-C6E4B0F906D2}"
EndProject
Global
	GlobalSection(SolutionConfigurationPlatforms) = preSolution
		Debug|Any CPU = Debug|Any CPU
		Release|Any CPU = Release|Any CPU
	EndGlobalSection
	GlobalSection(ProjectConfigurationPlatforms) = postSolution
		{94E5AE4A-BC61-4C78-B881-A232B353E4DA}.Debug|Any CPU.ActiveCfg = Debug|Any CPU
		{94E5AE4A-BC61-4C78-B881-A232B353E4DA}.Debug|Any CPU.Build.0 = Debug|Any CPU
		{94E5AE4A-BC61-4C78-B881-A232B353E4DA}.Release|Any CPU.ActiveCfg = Release|Any CPU
		{94E5AE4A-BC61-4C78-B881-A232B353E4DA}.Release|Any CPU.Build.0 = Release|Any CPU
		{D7EF9B88-4103-4644-B3E9-C6E4B0F906D2}.Debug|Any CPU.ActiveCfg = Debug|Any CPU
		{D7EF9B88-4103-4644-B3E9-C6E4B0F906D2}.Debug|Any CPU.Build.0 = Debug|Any CPU
		{D7EF9B88-4103-4644-B3E9-C6E4B0F906D2}.Release|Any CPU.ActiveCfg = Release|Any CPU
		{D7EF9B88-4103-4644-B3E9-C6E4B0F906D2}.Release|Any CPU.Build.0 = Release|Any CPU
	EndGlobalSection
	GlobalSection(SolutionProperties) = preSolution
		HideSolutionNode = FALSE
	EndGlobalSection
	GlobalSection(ExtensibilityGlobals) = postSolution
		SolutionGuid = {5C714E04-2286-4D5A-B2F1-28BF5267E765}
	EndGlobalSection
EndGlobal
